
Microsoft Visual Studio Solution File, Format Version 12.00
# Visual Studio Version 17
VisualStudioVersion = 17.5.002.0
MinimumVisualStudioVersion = 10.0.40219.1
Project("{9A19103F-16F7-4668-BE54-9A1E7A4F7556}") = "Heist", "Heist.csproj", "{881F5DA0-E174-47A8-8D27-3BAB8985BCCE}"
EndProject
Global
	GlobalSection(SolutionConfigurationPlatforms) = preSolution
		Debug|Any CPU = Debug|Any CPU
		Release|Any CPU = Release|Any CPU
	EndGlobalSection
	GlobalSection(ProjectConfigurationPlatforms) = postSolution
		{881F5DA0-E174-47A8-8D27-3BAB8985BCCE}.Debug|Any CPU.ActiveCfg = Debug|Any CPU
		{881F5DA0-E174-47A8-8D27-3BAB8985BCCE}.Debug|Any CPU.Build.0 = Debug|Any CPU
		{881F5DA0-E174-47A8-8D27-3BAB8985BCCE}.Release|Any CPU.ActiveCfg = Release|Any CPU
		{881F5DA0-E174-47A8-8D27-3BAB8985BCCE}.Release|Any CPU.Build.0 = Release|Any CPU
	EndGlobalSection
	GlobalSection(SolutionProperties) = preSolution
		HideSolutionNode = FALSE
	EndGlobalSection
	GlobalSection(ExtensibilityGlobals) = postSolution
		SolutionGuid = {F17E9B1C-DD0F-4D3B-B96C-5E7AB745CF34}
	EndGlobalSection
EndGlobal
